<?xml version="1.0" encoding="utf-8"?>
<Project ToolsVersion="4.0" xmlns="http://schemas.microsoft.com/developer/msbuild/2003">
  <ItemGroup>
    <Filter Include="app">
      <UniqueIdentifier>{665E880B-D267-887C-5BE3-9E7CC7EB937C}</UniqueIdentifier>
    </Filter>
    <Filter Include="ecs">
      <UniqueIdentifier>{C06D880B-2C77-887C-B5F2-9E7C21FB937C}</UniqueIdentifier>
    </Filter>
    <Filter Include="platform">
      <UniqueIdentifier>{4A63C33C-3630-1E48-5F49-0CF04B7553D6}</UniqueIdentifier>
    </Filter>
    <Filter Include="platform\OpenGl">
      <UniqueIdentifier>{5E351A86-CAC0-874A-D3D1-0A3F3FDCE34A}</UniqueIdentifier>
    </Filter>
    <Filter Include="renderer">
      <UniqueIdentifier>{9C6AA017-8837-FB22-B150-E9CA9D7C30B1}</UniqueIdentifier>
    </Filter>
    <Filter Include="utils">
      <UniqueIdentifier>{169C8510-82B0-ADC1-4B32-5121B705AAF2}</UniqueIdentifier>
    </Filter>
    <Filter Include="utils\noise">
      <UniqueIdentifier>{837D7330-EF32-EC25-7827-E6FCE4DBE229}</UniqueIdentifier>
    </Filter>
    <Filter Include="world_generator">
      <UniqueIdentifier>{F329C2E2-5FB5-2FA7-68C6-B29BD4D08BA7}</UniqueIdentifier>
    </Filter>
  </ItemGroup>
  <ItemGroup>
    <ClInclude Include="engine\src\ECSSettings.h" />
    <ClInclude Include="engine\src\EngineTime.h" />
    <ClInclude Include="engine\src\Libs.h" />
    <ClInclude Include="engine\src\app\App.h">
      <Filter>app</Filter>
    </ClInclude>
    <ClInclude Include="engine\src\app\Window.h">
      <Filter>app</Filter>
    </ClInclude>
    <ClInclude Include="engine\src\ecs\Behaviours.h">
      <Filter>ecs</Filter>
    </ClInclude>
    <ClInclude Include="engine\src\ecs\Bush.h">
      <Filter>ecs</Filter>
    </ClInclude>
    <ClInclude Include="engine\src\ecs\Components.h">
      <Filter>ecs</Filter>
    </ClInclude>
    <ClInclude Include="engine\src\ecs\EcsSettings.h">
      <Filter>ecs</Filter>
    </ClInclude>
    <ClInclude Include="engine\src\ecs\Entity.h">
      <Filter>ecs</Filter>
    </ClInclude>
    <ClInclude Include="engine\src\ecs\EntityComponentSystem.h">
      <Filter>ecs</Filter>
    </ClInclude>
    <ClInclude Include="engine\src\ecs\Mushroom.h">
      <Filter>ecs</Filter>
    </ClInclude>
    <ClInclude Include="engine\src\ecs\Player.h">
      <Filter>ecs</Filter>
    </ClInclude>
    <ClInclude Include="engine\src\ecs\Signatures.h">
      <Filter>ecs</Filter>
    </ClInclude>
    <ClInclude Include="engine\src\ecs\Tile.h">
      <Filter>ecs</Filter>
    </ClInclude>
    <ClInclude Include="engine\src\platform\OpenGl\imgui_impl_glfw.h">
      <Filter>platform\OpenGl</Filter>
    </ClInclude>
    <ClInclude Include="engine\src\platform\OpenGl\imgui_impl_opengl3.h">
      <Filter>platform\OpenGl</Filter>
    </ClInclude>
    <ClInclude Include="engine\src\platform\OpenGl\imgui_impl_opengl3_loader.h">
      <Filter>platform\OpenGl</Filter>
    </ClInclude>
    <ClInclude Include="engine\src\renderer\Renderer.h">
      <Filter>renderer</Filter>
    </ClInclude>
    <ClInclude Include="engine\src\renderer\Texture.h">
      <Filter>renderer</Filter>
    </ClInclude>
    <ClInclude Include="engine\src\utils\noise\PerlinNoise.hpp">
      <Filter>utils\noise</Filter>
    </ClInclude>
    <ClInclude Include="engine\src\world_generator\world_generator.hpp">
      <Filter>world_generator</Filter>
    </ClInclude>
  </ItemGroup>
  <ItemGroup>
    <ClCompile Include="engine\src\app\App.cpp">
      <Filter>app</Filter>
    </ClCompile>
    <ClCompile Include="engine\src\app\Window.cpp">
      <Filter>app</Filter>
    </ClCompile>
    <ClCompile Include="engine\src\ecs\Bush.cpp">
      <Filter>ecs</Filter>
    </ClCompile>
    <ClCompile Include="engine\src\ecs\Entity.cpp">
      <Filter>ecs</Filter>
    </ClCompile>
    <ClCompile Include="engine\src\ecs\EntityComponentSystem.cpp">
      <Filter>ecs</Filter>
    </ClCompile>
    <ClCompile Include="engine\src\ecs\Mushroom.cpp">
      <Filter>ecs</Filter>
    </ClCompile>
    <ClCompile Include="engine\src\ecs\Player.cpp">
      <Filter>ecs</Filter>
    </ClCompile>
    <ClCompile Include="engine\src\main.cpp" />
    <ClCompile Include="engine\src\platform\OpenGl\imgui_impl_glfw.cpp">
      <Filter>platform\OpenGl</Filter>
    </ClCompile>
    <ClCompile Include="engine\src\platform\OpenGl\imgui_impl_opengl3.cpp">
      <Filter>platform\OpenGl</Filter>
    </ClCompile>
    <ClCompile Include="engine\src\renderer\Renderer.cpp">
      <Filter>renderer</Filter>
    </ClCompile>
    <ClCompile Include="engine\src\renderer\Texture.cpp">
      <Filter>renderer</Filter>
    </ClCompile>
  </ItemGroup>
</Project>