<?xml version="1.0" encoding="utf-8"?>
<Project ToolsVersion="17.0" xmlns="http://schemas.microsoft.com/developer/msbuild/2003">
  <ItemGroup>
    <CustomBuild Include="C:\Users\eneko\dev\asharis\game\CMakeFiles\8868bcc535eaaebf7288f9e7de430fa5\INSTALL_force.rule">
      <Filter>CMake Rules</Filter>
    </CustomBuild>
  </ItemGroup>
  <ItemGroup>
    <Filter Include="CMake Rules">
      <UniqueIdentifier>{3CAE1A71-914B-3C5A-BB7D-025F6C8C6C0B}</UniqueIdentifier>
    </Filter>
  </ItemGroup>
</Project>
