
Microsoft Visual Studio Solution File, Format Version 12.00
# Visual Studio Version 17
Project("{2150E333-8FDC-42A3-9474-1A3956D46DE8}") = "CMakePredefinedTargets", "CMakePredefinedTargets", "{744BBB97-180C-3CAD-96BD-D8318749150A}"
EndProject
Project("{2150E333-8FDC-42A3-9474-1A3956D46DE8}") = "vendor", "vendor", "{2982FD97-A63E-3335-870F-0F1DB2BD02CC}"
EndProject
Project("{2150E333-8FDC-42A3-9474-1A3956D46DE8}") = "GLFW3", "vendor\GLFW3", "{7B9276C6-8181-3B71-B9D9-C718F279E88E}"
EndProject
Project("{8BC9CEB8-8B4A-11D0-8D11-00A0C91BC942}") = "ALL_BUILD", "ALL_BUILD.vcxproj", "{D65CBC92-CDAA-3501-800E-E9A12D72B80A}"
	ProjectSection(ProjectDependencies) = postProject
		{50D4C3CD-84BB-3A37-881D-B2AF7675DC12} = {50D4C3CD-84BB-3A37-881D-B2AF7675DC12}
		{6548200A-5460-3537-883E-647BD3ED3FBD} = {6548200A-5460-3537-883E-647BD3ED3FBD}
	EndProjectSection
EndProject
Project("{8BC9CEB8-8B4A-11D0-8D11-00A0C91BC942}") = "Glad", "vendor\Glad\Glad.vcxproj", "{A1FD1728-E040-36A7-8820-604AE1979E59}"
	ProjectSection(ProjectDependencies) = postProject
		{6548200A-5460-3537-883E-647BD3ED3FBD} = {6548200A-5460-3537-883E-647BD3ED3FBD}
	EndProjectSection
EndProject
Project("{8BC9CEB8-8B4A-11D0-8D11-00A0C91BC942}") = "INSTALL", "INSTALL.vcxproj", "{0D9DF503-326C-38AE-9517-3B6AB4F91211}"
	ProjectSection(ProjectDependencies) = postProject
		{D65CBC92-CDAA-3501-800E-E9A12D72B80A} = {D65CBC92-CDAA-3501-800E-E9A12D72B80A}
		{6548200A-5460-3537-883E-647BD3ED3FBD} = {6548200A-5460-3537-883E-647BD3ED3FBD}
	EndProjectSection
EndProject
Project("{8BC9CEB8-8B4A-11D0-8D11-00A0C91BC942}") = "ImGui", "vendor\imgui\ImGui.vcxproj", "{5F8FFF90-C0B7-3C9D-80A5-35BD728D5113}"
	ProjectSection(ProjectDependencies) = postProject
		{6548200A-5460-3537-883E-647BD3ED3FBD} = {6548200A-5460-3537-883E-647BD3ED3FBD}
	EndProjectSection
EndProject
Project("{8BC9CEB8-8B4A-11D0-8D11-00A0C91BC942}") = "Syris", "Syris.vcxproj", "{50D4C3CD-84BB-3A37-881D-B2AF7675DC12}"
	ProjectSection(ProjectDependencies) = postProject
		{A1FD1728-E040-36A7-8820-604AE1979E59} = {A1FD1728-E040-36A7-8820-604AE1979E59}
		{5F8FFF90-C0B7-3C9D-80A5-35BD728D5113} = {5F8FFF90-C0B7-3C9D-80A5-35BD728D5113}
		{6548200A-5460-3537-883E-647BD3ED3FBD} = {6548200A-5460-3537-883E-647BD3ED3FBD}
		{09802402-BAED-3AD1-A76E-7D4CD3B3A685} = {09802402-BAED-3AD1-A76E-7D4CD3B3A685}
		{0D109697-49B0-337D-8E4E-07EB435E5749} = {0D109697-49B0-337D-8E4E-07EB435E5749}
	EndProjectSection
EndProject
Project("{8BC9CEB8-8B4A-11D0-8D11-00A0C91BC942}") = "ZERO_CHECK", "..\\ZERO_CHECK.vcxproj", "{6548200A-5460-3537-883E-647BD3ED3FBD}"
	ProjectSection(ProjectDependencies) = postProject
	EndProjectSection
EndProject
Project("{8BC9CEB8-8B4A-11D0-8D11-00A0C91BC942}") = "glfw", "vendor\GLFW\src\glfw.vcxproj", "{09802402-BAED-3AD1-A76E-7D4CD3B3A685}"
	ProjectSection(ProjectDependencies) = postProject
		{6548200A-5460-3537-883E-647BD3ED3FBD} = {6548200A-5460-3537-883E-647BD3ED3FBD}
	EndProjectSection
EndProject
Project("{8BC9CEB8-8B4A-11D0-8D11-00A0C91BC942}") = "spdlog", "vendor\spdlog\spdlog.vcxproj", "{0D109697-49B0-337D-8E4E-07EB435E5749}"
	ProjectSection(ProjectDependencies) = postProject
		{6548200A-5460-3537-883E-647BD3ED3FBD} = {6548200A-5460-3537-883E-647BD3ED3FBD}
	EndProjectSection
EndProject
Global
	GlobalSection(SolutionConfigurationPlatforms) = preSolution
		Debug|x64 = Debug|x64
		Release|x64 = Release|x64
		MinSizeRel|x64 = MinSizeRel|x64
		RelWithDebInfo|x64 = RelWithDebInfo|x64
	EndGlobalSection
	GlobalSection(ProjectConfigurationPlatforms) = postSolution
		{D65CBC92-CDAA-3501-800E-E9A12D72B80A}.Debug|x64.ActiveCfg = Debug|x64
		{D65CBC92-CDAA-3501-800E-E9A12D72B80A}.Debug|x64.Build.0 = Debug|x64
		{D65CBC92-CDAA-3501-800E-E9A12D72B80A}.Release|x64.ActiveCfg = Release|x64
		{D65CBC92-CDAA-3501-800E-E9A12D72B80A}.Release|x64.Build.0 = Release|x64
		{D65CBC92-CDAA-3501-800E-E9A12D72B80A}.MinSizeRel|x64.ActiveCfg = MinSizeRel|x64
		{D65CBC92-CDAA-3501-800E-E9A12D72B80A}.MinSizeRel|x64.Build.0 = MinSizeRel|x64
		{D65CBC92-CDAA-3501-800E-E9A12D72B80A}.RelWithDebInfo|x64.ActiveCfg = RelWithDebInfo|x64
		{D65CBC92-CDAA-3501-800E-E9A12D72B80A}.RelWithDebInfo|x64.Build.0 = RelWithDebInfo|x64
		{A1FD1728-E040-36A7-8820-604AE1979E59}.Debug|x64.ActiveCfg = Debug|x64
		{A1FD1728-E040-36A7-8820-604AE1979E59}.Debug|x64.Build.0 = Debug|x64
		{A1FD1728-E040-36A7-8820-604AE1979E59}.Release|x64.ActiveCfg = Release|x64
		{A1FD1728-E040-36A7-8820-604AE1979E59}.Release|x64.Build.0 = Release|x64
		{A1FD1728-E040-36A7-8820-604AE1979E59}.MinSizeRel|x64.ActiveCfg = MinSizeRel|x64
		{A1FD1728-E040-36A7-8820-604AE1979E59}.MinSizeRel|x64.Build.0 = MinSizeRel|x64
		{A1FD1728-E040-36A7-8820-604AE1979E59}.RelWithDebInfo|x64.ActiveCfg = RelWithDebInfo|x64
		{A1FD1728-E040-36A7-8820-604AE1979E59}.RelWithDebInfo|x64.Build.0 = RelWithDebInfo|x64
		{0D9DF503-326C-38AE-9517-3B6AB4F91211}.Debug|x64.ActiveCfg = Debug|x64
		{0D9DF503-326C-38AE-9517-3B6AB4F91211}.Release|x64.ActiveCfg = Release|x64
		{0D9DF503-326C-38AE-9517-3B6AB4F91211}.MinSizeRel|x64.ActiveCfg = MinSizeRel|x64
		{0D9DF503-326C-38AE-9517-3B6AB4F91211}.RelWithDebInfo|x64.ActiveCfg = RelWithDebInfo|x64
		{5F8FFF90-C0B7-3C9D-80A5-35BD728D5113}.Debug|x64.ActiveCfg = Debug|x64
		{5F8FFF90-C0B7-3C9D-80A5-35BD728D5113}.Debug|x64.Build.0 = Debug|x64
		{5F8FFF90-C0B7-3C9D-80A5-35BD728D5113}.Release|x64.ActiveCfg = Release|x64
		{5F8FFF90-C0B7-3C9D-80A5-35BD728D5113}.Release|x64.Build.0 = Release|x64
		{5F8FFF90-C0B7-3C9D-80A5-35BD728D5113}.MinSizeRel|x64.ActiveCfg = MinSizeRel|x64
		{5F8FFF90-C0B7-3C9D-80A5-35BD728D5113}.MinSizeRel|x64.Build.0 = MinSizeRel|x64
		{5F8FFF90-C0B7-3C9D-80A5-35BD728D5113}.RelWithDebInfo|x64.ActiveCfg = RelWithDebInfo|x64
		{5F8FFF90-C0B7-3C9D-80A5-35BD728D5113}.RelWithDebInfo|x64.Build.0 = RelWithDebInfo|x64
		{50D4C3CD-84BB-3A37-881D-B2AF7675DC12}.Debug|x64.ActiveCfg = Debug|x64
		{50D4C3CD-84BB-3A37-881D-B2AF7675DC12}.Debug|x64.Build.0 = Debug|x64
		{50D4C3CD-84BB-3A37-881D-B2AF7675DC12}.Release|x64.ActiveCfg = Release|x64
		{50D4C3CD-84BB-3A37-881D-B2AF7675DC12}.Release|x64.Build.0 = Release|x64
		{50D4C3CD-84BB-3A37-881D-B2AF7675DC12}.MinSizeRel|x64.ActiveCfg = MinSizeRel|x64
		{50D4C3CD-84BB-3A37-881D-B2AF7675DC12}.MinSizeRel|x64.Build.0 = MinSizeRel|x64
		{50D4C3CD-84BB-3A37-881D-B2AF7675DC12}.RelWithDebInfo|x64.ActiveCfg = RelWithDebInfo|x64
		{50D4C3CD-84BB-3A37-881D-B2AF7675DC12}.RelWithDebInfo|x64.Build.0 = RelWithDebInfo|x64
		{6548200A-5460-3537-883E-647BD3ED3FBD}.Debug|x64.ActiveCfg = Debug|x64
		{6548200A-5460-3537-883E-647BD3ED3FBD}.Debug|x64.Build.0 = Debug|x64
		{6548200A-5460-3537-883E-647BD3ED3FBD}.Release|x64.ActiveCfg = Release|x64
		{6548200A-5460-3537-883E-647BD3ED3FBD}.Release|x64.Build.0 = Release|x64
		{6548200A-5460-3537-883E-647BD3ED3FBD}.MinSizeRel|x64.ActiveCfg = MinSizeRel|x64
		{6548200A-5460-3537-883E-647BD3ED3FBD}.MinSizeRel|x64.Build.0 = MinSizeRel|x64
		{6548200A-5460-3537-883E-647BD3ED3FBD}.RelWithDebInfo|x64.ActiveCfg = RelWithDebInfo|x64
		{6548200A-5460-3537-883E-647BD3ED3FBD}.RelWithDebInfo|x64.Build.0 = RelWithDebInfo|x64
		{09802402-BAED-3AD1-A76E-7D4CD3B3A685}.Debug|x64.ActiveCfg = Debug|x64
		{09802402-BAED-3AD1-A76E-7D4CD3B3A685}.Debug|x64.Build.0 = Debug|x64
		{09802402-BAED-3AD1-A76E-7D4CD3B3A685}.Release|x64.ActiveCfg = Release|x64
		{09802402-BAED-3AD1-A76E-7D4CD3B3A685}.Release|x64.Build.0 = Release|x64
		{09802402-BAED-3AD1-A76E-7D4CD3B3A685}.MinSizeRel|x64.ActiveCfg = MinSizeRel|x64
		{09802402-BAED-3AD1-A76E-7D4CD3B3A685}.MinSizeRel|x64.Build.0 = MinSizeRel|x64
		{09802402-BAED-3AD1-A76E-7D4CD3B3A685}.RelWithDebInfo|x64.ActiveCfg = RelWithDebInfo|x64
		{09802402-BAED-3AD1-A76E-7D4CD3B3A685}.RelWithDebInfo|x64.Build.0 = RelWithDebInfo|x64
		{0D109697-49B0-337D-8E4E-07EB435E5749}.Debug|x64.ActiveCfg = Debug|x64
		{0D109697-49B0-337D-8E4E-07EB435E5749}.Debug|x64.Build.0 = Debug|x64
		{0D109697-49B0-337D-8E4E-07EB435E5749}.Release|x64.ActiveCfg = Release|x64
		{0D109697-49B0-337D-8E4E-07EB435E5749}.Release|x64.Build.0 = Release|x64
		{0D109697-49B0-337D-8E4E-07EB435E5749}.MinSizeRel|x64.ActiveCfg = MinSizeRel|x64
		{0D109697-49B0-337D-8E4E-07EB435E5749}.MinSizeRel|x64.Build.0 = MinSizeRel|x64
		{0D109697-49B0-337D-8E4E-07EB435E5749}.RelWithDebInfo|x64.ActiveCfg = RelWithDebInfo|x64
		{0D109697-49B0-337D-8E4E-07EB435E5749}.RelWithDebInfo|x64.Build.0 = RelWithDebInfo|x64
	EndGlobalSection
	GlobalSection(NestedProjects) = preSolution
		{D65CBC92-CDAA-3501-800E-E9A12D72B80A} = {744BBB97-180C-3CAD-96BD-D8318749150A}
		{0D9DF503-326C-38AE-9517-3B6AB4F91211} = {744BBB97-180C-3CAD-96BD-D8318749150A}
		{6548200A-5460-3537-883E-647BD3ED3FBD} = {744BBB97-180C-3CAD-96BD-D8318749150A}
		{7B9276C6-8181-3B71-B9D9-C718F279E88E} = {2982FD97-A63E-3335-870F-0F1DB2BD02CC}
		{A1FD1728-E040-36A7-8820-604AE1979E59} = {2982FD97-A63E-3335-870F-0F1DB2BD02CC}
		{5F8FFF90-C0B7-3C9D-80A5-35BD728D5113} = {2982FD97-A63E-3335-870F-0F1DB2BD02CC}
		{0D109697-49B0-337D-8E4E-07EB435E5749} = {2982FD97-A63E-3335-870F-0F1DB2BD02CC}
		{09802402-BAED-3AD1-A76E-7D4CD3B3A685} = {7B9276C6-8181-3B71-B9D9-C718F279E88E}
	EndGlobalSection
	GlobalSection(ExtensibilityGlobals) = postSolution
		SolutionGuid = {63EF154B-EDDB-3B3E-93FA-7360BAFB1645}
	EndGlobalSection
	GlobalSection(ExtensibilityAddIns) = postSolution
	EndGlobalSection
EndGlobal
