<?xml version="1.0" encoding="utf-8"?>
<Project ToolsVersion="17.0" xmlns="http://schemas.microsoft.com/developer/msbuild/2003">
  <ItemGroup>
    <ClCompile Include="C:\Users\eneko\dev\asharis\game\Sandbox\src\app\SandboxApp.cpp">
      <Filter>src\app</Filter>
    </ClCompile>
    <ClCompile Include="C:\Users\eneko\dev\asharis\game\Sandbox\src\main.cpp">
      <Filter>src</Filter>
    </ClCompile>
    <ClCompile Include="C:\Users\eneko\dev\asharis\game\Sandbox\src\scene\SandboxScene.cpp">
      <Filter>src\scene</Filter>
    </ClCompile>
  </ItemGroup>
  <ItemGroup>
    <ClInclude Include="C:\Users\eneko\dev\asharis\game\Sandbox\src\app\SandboxApp.hpp">
      <Filter>src\app</Filter>
    </ClInclude>
    <ClInclude Include="C:\Users\eneko\dev\asharis\game\Sandbox\src\ecs\Bush.h">
      <Filter>src\ecs</Filter>
    </ClInclude>
    <ClInclude Include="C:\Users\eneko\dev\asharis\game\Sandbox\src\ecs\Components.h">
      <Filter>src\ecs</Filter>
    </ClInclude>
    <ClInclude Include="C:\Users\eneko\dev\asharis\game\Sandbox\src\ecs\Mushroom.h">
      <Filter>src\ecs</Filter>
    </ClInclude>
    <ClInclude Include="C:\Users\eneko\dev\asharis\game\Sandbox\src\ecs\Player.h">
      <Filter>src\ecs</Filter>
    </ClInclude>
    <ClInclude Include="C:\Users\eneko\dev\asharis\game\Sandbox\src\ecs\Tile.h">
      <Filter>src\ecs</Filter>
    </ClInclude>
    <ClInclude Include="C:\Users\eneko\dev\asharis\game\Sandbox\src\scene\SandboxScene.hpp">
      <Filter>src\scene</Filter>
    </ClInclude>
    <ClInclude Include="C:\Users\eneko\dev\asharis\game\Sandbox\src\texture\SandboxTexture.hpp">
      <Filter>src\texture</Filter>
    </ClInclude>
    <ClInclude Include="C:\Users\eneko\dev\asharis\game\Sandbox\src\world_generator\world_generator.hpp">
      <Filter>src\world_generator</Filter>
    </ClInclude>
  </ItemGroup>
  <ItemGroup>
    <CustomBuild Include="C:\Users\eneko\dev\asharis\game\Sandbox\CMakeLists.txt" />
  </ItemGroup>
  <ItemGroup>
    <Filter Include="src">
      <UniqueIdentifier>{3E367FAC-FC87-349F-82AE-1009A18F97CB}</UniqueIdentifier>
    </Filter>
    <Filter Include="src\app">
      <UniqueIdentifier>{8C1F53F2-F8D5-378E-93DC-A17FCE035606}</UniqueIdentifier>
    </Filter>
    <Filter Include="src\ecs">
      <UniqueIdentifier>{5BD26495-B793-3A38-BEED-45C2EADF7E1A}</UniqueIdentifier>
    </Filter>
    <Filter Include="src\scene">
      <UniqueIdentifier>{BB5D7EB0-9E96-39FA-B160-92F449F51E16}</UniqueIdentifier>
    </Filter>
    <Filter Include="src\texture">
      <UniqueIdentifier>{A0406176-F8BB-31D7-B067-1F4A2A432F87}</UniqueIdentifier>
    </Filter>
    <Filter Include="src\world_generator">
      <UniqueIdentifier>{DFAD396A-005A-3DC7-8803-25EBD601A98B}</UniqueIdentifier>
    </Filter>
  </ItemGroup>
</Project>
